
Microsoft Visual Studio Solution File, Format Version 12.00
# Visual Studio Version 16
VisualStudioVersion = 16.0.29728.190
MinimumVisualStudioVersion = 10.0.40219.1
Project("{FAE04EC0-301F-11D3-BF4B-00C04F79EFBC}") = "Bank", "Bank\Bank.csproj", "{B66D97C8-D26C-4CE5-A2F6-3C81D6B99D92}"
EndProject
Project("{FAE04EC0-301F-11D3-BF4B-00C04F79EFBC}") = "BankTests", "BankTests\BankTests.csproj", "{57699378-42A6-45B6-8ABF-A5BB1366F203}"
EndProject
Global
	GlobalSection(SolutionConfigurationPlatforms) = preSolution
		Debug|Any CPU = Debug|Any CPU
		Release|Any CPU = Release|Any CPU
	EndGlobalSection
	GlobalSection(ProjectConfigurationPlatforms) = postSolution
		{B66D97C8-D26C-4CE5-A2F6-3C81D6B99D92}.Debug|Any CPU.ActiveCfg = Debug|Any CPU
		{B66D97C8-D26C-4CE5-A2F6-3C81D6B99D92}.Debug|Any CPU.Build.0 = Debug|Any CPU
		{B66D97C8-D26C-4CE5-A2F6-3C81D6B99D92}.Release|Any CPU.ActiveCfg = Release|Any CPU
		{B66D97C8-D26C-4CE5-A2F6-3C81D6B99D92}.Release|Any CPU.Build.0 = Release|Any CPU
		{57699378-42A6-45B6-8ABF-A5BB1366F203}.Debug|Any CPU.ActiveCfg = Debug|Any CPU
		{57699378-42A6-45B6-8ABF-A5BB1366F203}.Debug|Any CPU.Build.0 = Debug|Any CPU
		{57699378-42A6-45B6-8ABF-A5BB1366F203}.Release|Any CPU.ActiveCfg = Release|Any CPU
		{57699378-42A6-45B6-8ABF-A5BB1366F203}.Release|Any CPU.Build.0 = Release|Any CPU
	EndGlobalSection
	GlobalSection(SolutionProperties) = preSolution
		HideSolutionNode = FALSE
	EndGlobalSection
	GlobalSection(ExtensibilityGlobals) = postSolution
		SolutionGuid = {5A4FCA14-78EC-4571-95BA-70D8D9D47780}
	EndGlobalSection
EndGlobal
